
Microsoft Visual Studio Solution File, Format Version 12.00
# Visual Studio Version 16
VisualStudioVersion = 25.0.1703.0
MinimumVisualStudioVersion = 10.0.40219.1
Project("{FAE04EC0-301F-11D3-BF4B-00C04F79EFBC}") = "BlazorForWeb.Server", "BlazorForWeb\Server\BlazorForWeb.Server.csproj", "{2356F566-ECDE-46FF-838A-A00DFDBB8644}"
EndProject
Project("{FAE04EC0-301F-11D3-BF4B-00C04F79EFBC}") = "BlazorForWeb.Client", "BlazorForWeb\Client\BlazorForWeb.Client.csproj", "{9A61A747-5489-481E-89C1-AC32C48CFEAD}"
EndProject
Project("{FAE04EC0-301F-11D3-BF4B-00C04F79EFBC}") = "BlazorForWeb.Shared", "BlazorForWeb\Shared\BlazorForWeb.Shared.csproj", "{60D3A93B-6F11-4CB5-9F94-203A23266BBF}"
EndProject
Project("{FAE04EC0-301F-11D3-BF4B-00C04F79EFBC}") = "BlazorSharedUI", "BlazorSharedUI\BlazorSharedUI.csproj", "{B043993C-2E3C-40DA-B1CF-DD0DE926D809}"
EndProject
Project("{FAE04EC0-301F-11D3-BF4B-00C04F79EFBC}") = "BlazorForNative", "BlazorForNative\BlazorForNative.csproj", "{A1E36A2F-EB3B-4201-9E6E-ADFA09F2817B}"
EndProject
Global
	GlobalSection(SolutionConfigurationPlatforms) = preSolution
		Debug|Any CPU = Debug|Any CPU
		Release|Any CPU = Release|Any CPU
	EndGlobalSection
	GlobalSection(ProjectConfigurationPlatforms) = postSolution
		{2356F566-ECDE-46FF-838A-A00DFDBB8644}.Debug|Any CPU.ActiveCfg = Debug|Any CPU
		{2356F566-ECDE-46FF-838A-A00DFDBB8644}.Debug|Any CPU.Build.0 = Debug|Any CPU
		{2356F566-ECDE-46FF-838A-A00DFDBB8644}.Release|Any CPU.ActiveCfg = Release|Any CPU
		{2356F566-ECDE-46FF-838A-A00DFDBB8644}.Release|Any CPU.Build.0 = Release|Any CPU
		{9A61A747-5489-481E-89C1-AC32C48CFEAD}.Debug|Any CPU.ActiveCfg = Debug|Any CPU
		{9A61A747-5489-481E-89C1-AC32C48CFEAD}.Debug|Any CPU.Build.0 = Debug|Any CPU
		{9A61A747-5489-481E-89C1-AC32C48CFEAD}.Release|Any CPU.ActiveCfg = Release|Any CPU
		{9A61A747-5489-481E-89C1-AC32C48CFEAD}.Release|Any CPU.Build.0 = Release|Any CPU
		{60D3A93B-6F11-4CB5-9F94-203A23266BBF}.Debug|Any CPU.ActiveCfg = Debug|Any CPU
		{60D3A93B-6F11-4CB5-9F94-203A23266BBF}.Debug|Any CPU.Build.0 = Debug|Any CPU
		{60D3A93B-6F11-4CB5-9F94-203A23266BBF}.Release|Any CPU.ActiveCfg = Release|Any CPU
		{60D3A93B-6F11-4CB5-9F94-203A23266BBF}.Release|Any CPU.Build.0 = Release|Any CPU
		{B043993C-2E3C-40DA-B1CF-DD0DE926D809}.Debug|Any CPU.ActiveCfg = Debug|Any CPU
		{B043993C-2E3C-40DA-B1CF-DD0DE926D809}.Debug|Any CPU.Build.0 = Debug|Any CPU
		{B043993C-2E3C-40DA-B1CF-DD0DE926D809}.Release|Any CPU.ActiveCfg = Release|Any CPU
		{B043993C-2E3C-40DA-B1CF-DD0DE926D809}.Release|Any CPU.Build.0 = Release|Any CPU
		{A1E36A2F-EB3B-4201-9E6E-ADFA09F2817B}.Debug|Any CPU.ActiveCfg = Debug|Any CPU
		{A1E36A2F-EB3B-4201-9E6E-ADFA09F2817B}.Debug|Any CPU.Build.0 = Debug|Any CPU
		{A1E36A2F-EB3B-4201-9E6E-ADFA09F2817B}.Release|Any CPU.ActiveCfg = Release|Any CPU
		{A1E36A2F-EB3B-4201-9E6E-ADFA09F2817B}.Release|Any CPU.Build.0 = Release|Any CPU
	EndGlobalSection
	GlobalSection(SolutionProperties) = preSolution
		HideSolutionNode = FALSE
	EndGlobalSection
	GlobalSection(ExtensibilityGlobals) = postSolution
		SolutionGuid = {B26D6301-1FAA-46D9-847F-0EFBA75B2061}
	EndGlobalSection
EndGlobal
